github.com/mattn/go-colorable v0.1.13 h1:fFA4WZxdEF4tXPZVKMLwD8oUnCTTo08duU7wxecdEvA=
github.com/mattn/go-colorable v0.1.13/go.mod h1:7S9/ev0klgBDR4GtXTXX8a3vIGJpMovkB8vQcUbaXHg=
github.com/mattn/go-isatty v0.0.16 h1:bq3VjFmv/sOjHtdEhmkEV4x1AJtvUvOJ2PFAZ5+peKQ=
github.com/mattn/go-isatty v0.0.16/go.mod h1:kYGgaQfpe5nmfYZH+SKPsOc2e4SrIfOl2e/yFXSvRLM=
github.com/pschlump/MiscLib v1.0.6 h1:eSxmgpTXpELXeXeJeOboh1yL6EgHAqazIqPRDnaOEac=
github.com/pschlump/MiscLib v1.0.6/go.mod h1:rNzpsRHXNvQmMMk91yD30quJfRWBdaiI+qBPe5ZUCKY=
github.com/pschlump/ansi v1.0.4 h1:Iv+dfeMuVmo6AlyvGT/RF+8HImna/TxNygtKxBgaVU8=
github.com/pschlump/ansi v1.0.4/go.mod h1:alHFsp8kRmgeKJ7cNQ3W2Cd3gdGyoXlBABR6es50EE4=
golang.org/x/sys v0.0.0-20220811171246-fbc7d0a398ab/go.mod h1:oPkhp1MJrh7nUepCBck5+mAzfO9JrbApNNgaTdGDITg=
golang.org/x/sys v0.6.0 h1:MVltZSvRTcU2ljQOhs94SXPftV6DCNnZViHeQps87pQ=
golang.org/x/sys v0.6.0/go.mod h1:oPkhp1MJrh7nUepCBck5+mAzfO9JrbApNNgaTdGDITg=
